
Microsoft Visual Studio Solution File, Format Version 12.00
# Visual Studio Version 17
VisualStudioVersion = 17.5.33326.253
MinimumVisualStudioVersion = 10.0.40219.1
Project("{2150E333-8FDC-42A3-9474-1A3956D46DE8}") = ".Build", ".Build", "{6BD3DF12-9EA9-41D8-95B7-48E8517865F5}"
	ProjectSection(SolutionItems) = preProject
		.editorconfig = .editorconfig
		Build\Directory.build.common.props = Build\Directory.build.common.props
		Build\Directory.build.common.targets = Build\Directory.build.common.targets
		Directory.Build.props = Directory.Build.props
		Directory.build.targets = Directory.build.targets
		Directory.buildcpp.props = Directory.buildcpp.props
		Directory.Packages.props = Directory.Packages.props
		global.json = global.json
		README.md = README.md
	EndProjectSection
EndProject
Project("{2150E333-8FDC-42A3-9474-1A3956D46DE8}") = "Windows", "Windows", "{15976875-EA82-438B-89F8-18A6F3E41573}"
EndProject
Project("{2150E333-8FDC-42A3-9474-1A3956D46DE8}") = "iOS", "iOS", "{70A43DBD-4EF9-4C75-BADF-1EE9EDCC5BE8}"
EndProject
Project("{2150E333-8FDC-42A3-9474-1A3956D46DE8}") = "Android", "Android", "{7E2325DB-D550-4777-AEE7-EEF3AE669B9B}"
EndProject
Project("{2150E333-8FDC-42A3-9474-1A3956D46DE8}") = "Mac", "Mac", "{A3597FAD-D217-4047-BC7D-5B95F90480ED}"
EndProject
Project("{2150E333-8FDC-42A3-9474-1A3956D46DE8}") = "Linux", "Linux", "{4DC6F2FC-EBF7-4BD4-A31E-77A6E500750C}"
EndProject
Project("{9A19103F-16F7-4668-BE54-9A1E7A4F7556}") = "WebView.Sample", "Source\WebView.Sample\WebView.Sample.csproj", "{3307C923-4DD9-496C-BD87-C6DEDBB66FB0}"
EndProject
Project("{9A19103F-16F7-4668-BE54-9A1E7A4F7556}") = "WebView.Sample.Desktop", "Source\WebView.Sample.Desktop\WebView.Sample.Desktop.csproj", "{8C1778CC-0E8D-4D9B-BA48-0E5A327A1540}"
EndProject
Project("{9A19103F-16F7-4668-BE54-9A1E7A4F7556}") = "Microsoft.Web.WebView2.Wpf", "Source\Windows\Microsoft.Web.WebView2.Wpf\Microsoft.Web.WebView2.Wpf.csproj", "{8B3A589B-C2C1-4BC5-893A-DFD81FCD02E9}"
EndProject
Project("{9A19103F-16F7-4668-BE54-9A1E7A4F7556}") = "Microsoft.Web.WebView2.Core", "Source\Windows\Microsoft.Web.WebView2.Core\Microsoft.Web.WebView2.Core.csproj", "{E317498D-118B-4254-82FA-40880E582334}"
EndProject
Project("{9A19103F-16F7-4668-BE54-9A1E7A4F7556}") = "Microsoft.Web.WebView2.Avalonia", "Source\Windows\Microsoft.Web.WebView2.Avalonia\Microsoft.Web.WebView2.Avalonia.csproj", "{7F11A6CF-887E-44AF-8DCA-F6D04ABF90E2}"
EndProject
Project("{9A19103F-16F7-4668-BE54-9A1E7A4F7556}") = "Microsoft.Web.WebView2.WinForms", "Source\Windows\Microsoft.Web.WebView2.WinForms\Microsoft.Web.WebView2.WinForms.csproj", "{17530694-406E-41C1-A21F-1603D648A9DE}"
EndProject
Project("{9A19103F-16F7-4668-BE54-9A1E7A4F7556}") = "WebView.Sample.WinForms", "Source\WebView.Sample.WinForms\WebView.Sample.WinForms.csproj", "{9E8D55A1-3B61-4E8F-8E3B-35811265D6C1}"
EndProject
Project("{9A19103F-16F7-4668-BE54-9A1E7A4F7556}") = "WebView.Sample.Wpf", "Source\WebViewSample.Wpf\WebView.Sample.Wpf.csproj", "{71638B24-BB46-4BAE-9D23-A1CF752A0635}"
EndProject
Project("{9A19103F-16F7-4668-BE54-9A1E7A4F7556}") = "Android.WebView.Avalonia", "Source\Android\Android.WebView.Avalonia\Android.WebView.Avalonia.csproj", "{736C89F8-6DC6-4EF9-BB14-EA30C93294C0}"
EndProject
Project("{9A19103F-16F7-4668-BE54-9A1E7A4F7556}") = "WebView.Sample.iOS", "Source\WebView.Sample.iOS\WebView.Sample.iOS.csproj", "{B1F6CAD7-B479-4FB3-9ACB-6CE5B5F58E62}"
EndProject
Project("{9A19103F-16F7-4668-BE54-9A1E7A4F7556}") = "WebView.Sample.Android", "Source\WebView.Sample.Android\WebView.Sample.Android.csproj", "{2ADC75A9-F073-44F3-B1E6-2BCC1FC01781}"
EndProject
Project("{9A19103F-16F7-4668-BE54-9A1E7A4F7556}") = "Appkit.WebView.Anvalonia", "Source\Mac\Appkit.WebView.Anvalonia\Appkit.WebView.Anvalonia.csproj", "{B7E4E75D-AB66-4843-AEC0-679C0D04C8B5}"
EndProject
Project("{9A19103F-16F7-4668-BE54-9A1E7A4F7556}") = "UIKit.WebView.Avalonia", "Source\iOS\UIKit.WebView.Avalonia\UIKit.WebView.Avalonia.csproj", "{259FACE3-6063-4D48-9EAF-6001AC1BDCB8}"
EndProject
Project("{9A19103F-16F7-4668-BE54-9A1E7A4F7556}") = "Linux.CefSharp.Avalonia", "Source\Linux\Linux.CefSharp.Avalonia\Linux.CefSharp.Avalonia.csproj", "{560CE735-1B54-4661-8AD7-441A865D17A5}"
EndProject
Project("{9A19103F-16F7-4668-BE54-9A1E7A4F7556}") = "Avalonia.WebView", "Source\Avalonia.WebView\Avalonia.WebView.csproj", "{082FF7FE-F5E9-4BE6-9D54-1EA766308EE4}"
EndProject
Project("{9A19103F-16F7-4668-BE54-9A1E7A4F7556}") = "Avalonia.WebView.Linux", "Source\Linux\Avalonia.WebView.Linux\Avalonia.WebView.Linux.csproj", "{AE6E8328-7177-4E06-9FCD-EAEE8927141B}"
EndProject
Project("{9A19103F-16F7-4668-BE54-9A1E7A4F7556}") = "Avalonia.WebView.iOS", "Source\iOS\Avalonia.WebView.iOS\Avalonia.WebView.iOS.csproj", "{0CA2CEC6-0A4C-4CB9-BFD2-1A4A99375BF3}"
EndProject
Project("{9A19103F-16F7-4668-BE54-9A1E7A4F7556}") = "Avalonia.WebView.Android", "Source\Android\Avalonia.WebView.Android\Avalonia.WebView.Android.csproj", "{FEB5468A-C70F-4CAE-BE3E-903855A8A9A6}"
EndProject
Project("{9A19103F-16F7-4668-BE54-9A1E7A4F7556}") = "Avalonia.WebView.Mac", "Source\Mac\Avalonia.WebView.Mac\Avalonia.WebView.Mac.csproj", "{B136FFCC-ED78-499C-BC39-7AD2D5BCB612}"
EndProject
Project("{9A19103F-16F7-4668-BE54-9A1E7A4F7556}") = "Avalonia.WebView.Windows", "Source\Windows\Avalonia.WebView.Windows\Avalonia.WebView.Windows.csproj", "{72F02D56-D324-4560-A7A5-B00C686342EA}"
EndProject
Project("{9A19103F-16F7-4668-BE54-9A1E7A4F7556}") = "Avalonia.WebView.Core", "Source\Avalonia.WebView.Core\Avalonia.WebView.Core.csproj", "{B424918A-006A-4A30-AB7C-A6CFFA63DD2D}"
EndProject
Project("{2150E333-8FDC-42A3-9474-1A3956D46DE8}") = "Desktop", "Desktop", "{710136A0-2A0F-4AC5-B02B-E8476960EBC9}"
EndProject
Project("{9A19103F-16F7-4668-BE54-9A1E7A4F7556}") = "Avalonia.WebView.Desktop", "Source\Desktop\Avalonia.WebView.Desktop\Avalonia.WebView.Desktop.csproj", "{59C2B5EB-8586-46F7-AA2E-55BDED368403}"
EndProject
Project("{9A19103F-16F7-4668-BE54-9A1E7A4F7556}") = "Dotnet.Toolkit", "Source\Dotnet.Toolkit\Dotnet.Toolkit.csproj", "{6E2BCBE0-0F8A-44E6-BBE0-CCA3DE5DF577}"
EndProject
Project("{2150E333-8FDC-42A3-9474-1A3956D46DE8}") = "Cef", "Cef", "{5AE3F54D-A1E4-4AEC-82D6-86C7F7DF4CC4}"
EndProject
Project("{9A19103F-16F7-4668-BE54-9A1E7A4F7556}") = "CefSharp.Core", "Source\Cef\CefSharp.Core\CefSharp.Core.csproj", "{8BAF0CCF-744D-43E2-A08F-7431B2A02684}"
EndProject
Project("{9A19103F-16F7-4668-BE54-9A1E7A4F7556}") = "CefSharp.Share", "Source\Cef\CefSharp.Share\CefSharp.Share.csproj", "{FB90C0CD-927F-48A0-A39E-B445D0FA239D}"
EndProject
Project("{FAE04EC0-301F-11D3-BF4B-00C04F79EFBC}") = "CefSharp", "Source\Cef\CefSharp\CefSharp.csproj", "{FDFE2FEF-2B6B-402C-ADAF-7EE10F4B48A4}"
EndProject
Global
	GlobalSection(SolutionConfigurationPlatforms) = preSolution
		Debug|Any CPU = Debug|Any CPU
		Release|Any CPU = Release|Any CPU
	EndGlobalSection
	GlobalSection(ProjectConfigurationPlatforms) = postSolution
		{3307C923-4DD9-496C-BD87-C6DEDBB66FB0}.Debug|Any CPU.ActiveCfg = Debug|Any CPU
		{3307C923-4DD9-496C-BD87-C6DEDBB66FB0}.Debug|Any CPU.Build.0 = Debug|Any CPU
		{3307C923-4DD9-496C-BD87-C6DEDBB66FB0}.Release|Any CPU.ActiveCfg = Release|Any CPU
		{3307C923-4DD9-496C-BD87-C6DEDBB66FB0}.Release|Any CPU.Build.0 = Release|Any CPU
		{8C1778CC-0E8D-4D9B-BA48-0E5A327A1540}.Debug|Any CPU.ActiveCfg = Debug|Any CPU
		{8C1778CC-0E8D-4D9B-BA48-0E5A327A1540}.Debug|Any CPU.Build.0 = Debug|Any CPU
		{8C1778CC-0E8D-4D9B-BA48-0E5A327A1540}.Release|Any CPU.ActiveCfg = Release|Any CPU
		{8C1778CC-0E8D-4D9B-BA48-0E5A327A1540}.Release|Any CPU.Build.0 = Release|Any CPU
		{8B3A589B-C2C1-4BC5-893A-DFD81FCD02E9}.Debug|Any CPU.ActiveCfg = Debug|Any CPU
		{8B3A589B-C2C1-4BC5-893A-DFD81FCD02E9}.Debug|Any CPU.Build.0 = Debug|Any CPU
		{8B3A589B-C2C1-4BC5-893A-DFD81FCD02E9}.Release|Any CPU.ActiveCfg = Release|Any CPU
		{8B3A589B-C2C1-4BC5-893A-DFD81FCD02E9}.Release|Any CPU.Build.0 = Release|Any CPU
		{E317498D-118B-4254-82FA-40880E582334}.Debug|Any CPU.ActiveCfg = Debug|Any CPU
		{E317498D-118B-4254-82FA-40880E582334}.Debug|Any CPU.Build.0 = Debug|Any CPU
		{E317498D-118B-4254-82FA-40880E582334}.Release|Any CPU.ActiveCfg = Release|Any CPU
		{E317498D-118B-4254-82FA-40880E582334}.Release|Any CPU.Build.0 = Release|Any CPU
		{7F11A6CF-887E-44AF-8DCA-F6D04ABF90E2}.Debug|Any CPU.ActiveCfg = Debug|Any CPU
		{7F11A6CF-887E-44AF-8DCA-F6D04ABF90E2}.Debug|Any CPU.Build.0 = Debug|Any CPU
		{7F11A6CF-887E-44AF-8DCA-F6D04ABF90E2}.Release|Any CPU.ActiveCfg = Release|Any CPU
		{7F11A6CF-887E-44AF-8DCA-F6D04ABF90E2}.Release|Any CPU.Build.0 = Release|Any CPU
		{17530694-406E-41C1-A21F-1603D648A9DE}.Debug|Any CPU.ActiveCfg = Debug|Any CPU
		{17530694-406E-41C1-A21F-1603D648A9DE}.Debug|Any CPU.Build.0 = Debug|Any CPU
		{17530694-406E-41C1-A21F-1603D648A9DE}.Release|Any CPU.ActiveCfg = Release|Any CPU
		{17530694-406E-41C1-A21F-1603D648A9DE}.Release|Any CPU.Build.0 = Release|Any CPU
		{9E8D55A1-3B61-4E8F-8E3B-35811265D6C1}.Debug|Any CPU.ActiveCfg = Debug|Any CPU
		{9E8D55A1-3B61-4E8F-8E3B-35811265D6C1}.Debug|Any CPU.Build.0 = Debug|Any CPU
		{9E8D55A1-3B61-4E8F-8E3B-35811265D6C1}.Release|Any CPU.ActiveCfg = Release|Any CPU
		{9E8D55A1-3B61-4E8F-8E3B-35811265D6C1}.Release|Any CPU.Build.0 = Release|Any CPU
		{71638B24-BB46-4BAE-9D23-A1CF752A0635}.Debug|Any CPU.ActiveCfg = Debug|Any CPU
		{71638B24-BB46-4BAE-9D23-A1CF752A0635}.Debug|Any CPU.Build.0 = Debug|Any CPU
		{71638B24-BB46-4BAE-9D23-A1CF752A0635}.Release|Any CPU.ActiveCfg = Release|Any CPU
		{71638B24-BB46-4BAE-9D23-A1CF752A0635}.Release|Any CPU.Build.0 = Release|Any CPU
		{736C89F8-6DC6-4EF9-BB14-EA30C93294C0}.Debug|Any CPU.ActiveCfg = Debug|Any CPU
		{736C89F8-6DC6-4EF9-BB14-EA30C93294C0}.Debug|Any CPU.Build.0 = Debug|Any CPU
		{736C89F8-6DC6-4EF9-BB14-EA30C93294C0}.Release|Any CPU.ActiveCfg = Release|Any CPU
		{736C89F8-6DC6-4EF9-BB14-EA30C93294C0}.Release|Any CPU.Build.0 = Release|Any CPU
		{B1F6CAD7-B479-4FB3-9ACB-6CE5B5F58E62}.Debug|Any CPU.ActiveCfg = Debug|Any CPU
		{B1F6CAD7-B479-4FB3-9ACB-6CE5B5F58E62}.Debug|Any CPU.Build.0 = Debug|Any CPU
		{B1F6CAD7-B479-4FB3-9ACB-6CE5B5F58E62}.Release|Any CPU.ActiveCfg = Release|Any CPU
		{B1F6CAD7-B479-4FB3-9ACB-6CE5B5F58E62}.Release|Any CPU.Build.0 = Release|Any CPU
		{2ADC75A9-F073-44F3-B1E6-2BCC1FC01781}.Debug|Any CPU.ActiveCfg = Debug|Any CPU
		{2ADC75A9-F073-44F3-B1E6-2BCC1FC01781}.Debug|Any CPU.Build.0 = Debug|Any CPU
		{2ADC75A9-F073-44F3-B1E6-2BCC1FC01781}.Debug|Any CPU.Deploy.0 = Debug|Any CPU
		{2ADC75A9-F073-44F3-B1E6-2BCC1FC01781}.Release|Any CPU.ActiveCfg = Release|Any CPU
		{2ADC75A9-F073-44F3-B1E6-2BCC1FC01781}.Release|Any CPU.Build.0 = Release|Any CPU
		{2ADC75A9-F073-44F3-B1E6-2BCC1FC01781}.Release|Any CPU.Deploy.0 = Release|Any CPU
		{B7E4E75D-AB66-4843-AEC0-679C0D04C8B5}.Debug|Any CPU.ActiveCfg = Debug|Any CPU
		{B7E4E75D-AB66-4843-AEC0-679C0D04C8B5}.Debug|Any CPU.Build.0 = Debug|Any CPU
		{B7E4E75D-AB66-4843-AEC0-679C0D04C8B5}.Release|Any CPU.ActiveCfg = Release|Any CPU
		{B7E4E75D-AB66-4843-AEC0-679C0D04C8B5}.Release|Any CPU.Build.0 = Release|Any CPU
		{259FACE3-6063-4D48-9EAF-6001AC1BDCB8}.Debug|Any CPU.ActiveCfg = Debug|Any CPU
		{259FACE3-6063-4D48-9EAF-6001AC1BDCB8}.Debug|Any CPU.Build.0 = Debug|Any CPU
		{259FACE3-6063-4D48-9EAF-6001AC1BDCB8}.Release|Any CPU.ActiveCfg = Release|Any CPU
		{259FACE3-6063-4D48-9EAF-6001AC1BDCB8}.Release|Any CPU.Build.0 = Release|Any CPU
		{560CE735-1B54-4661-8AD7-441A865D17A5}.Debug|Any CPU.ActiveCfg = Debug|Any CPU
		{560CE735-1B54-4661-8AD7-441A865D17A5}.Debug|Any CPU.Build.0 = Debug|Any CPU
		{560CE735-1B54-4661-8AD7-441A865D17A5}.Release|Any CPU.ActiveCfg = Release|Any CPU
		{560CE735-1B54-4661-8AD7-441A865D17A5}.Release|Any CPU.Build.0 = Release|Any CPU
		{082FF7FE-F5E9-4BE6-9D54-1EA766308EE4}.Debug|Any CPU.ActiveCfg = Debug|Any CPU
		{082FF7FE-F5E9-4BE6-9D54-1EA766308EE4}.Debug|Any CPU.Build.0 = Debug|Any CPU
		{082FF7FE-F5E9-4BE6-9D54-1EA766308EE4}.Release|Any CPU.ActiveCfg = Release|Any CPU
		{082FF7FE-F5E9-4BE6-9D54-1EA766308EE4}.Release|Any CPU.Build.0 = Release|Any CPU
		{AE6E8328-7177-4E06-9FCD-EAEE8927141B}.Debug|Any CPU.ActiveCfg = Debug|Any CPU
		{AE6E8328-7177-4E06-9FCD-EAEE8927141B}.Debug|Any CPU.Build.0 = Debug|Any CPU
		{AE6E8328-7177-4E06-9FCD-EAEE8927141B}.Release|Any CPU.ActiveCfg = Release|Any CPU
		{AE6E8328-7177-4E06-9FCD-EAEE8927141B}.Release|Any CPU.Build.0 = Release|Any CPU
		{0CA2CEC6-0A4C-4CB9-BFD2-1A4A99375BF3}.Debug|Any CPU.ActiveCfg = Debug|Any CPU
		{0CA2CEC6-0A4C-4CB9-BFD2-1A4A99375BF3}.Debug|Any CPU.Build.0 = Debug|Any CPU
		{0CA2CEC6-0A4C-4CB9-BFD2-1A4A99375BF3}.Release|Any CPU.ActiveCfg = Release|Any CPU
		{0CA2CEC6-0A4C-4CB9-BFD2-1A4A99375BF3}.Release|Any CPU.Build.0 = Release|Any CPU
		{FEB5468A-C70F-4CAE-BE3E-903855A8A9A6}.Debug|Any CPU.ActiveCfg = Debug|Any CPU
		{FEB5468A-C70F-4CAE-BE3E-903855A8A9A6}.Debug|Any CPU.Build.0 = Debug|Any CPU
		{FEB5468A-C70F-4CAE-BE3E-903855A8A9A6}.Release|Any CPU.ActiveCfg = Release|Any CPU
		{FEB5468A-C70F-4CAE-BE3E-903855A8A9A6}.Release|Any CPU.Build.0 = Release|Any CPU
		{B136FFCC-ED78-499C-BC39-7AD2D5BCB612}.Debug|Any CPU.ActiveCfg = Debug|Any CPU
		{B136FFCC-ED78-499C-BC39-7AD2D5BCB612}.Debug|Any CPU.Build.0 = Debug|Any CPU
		{B136FFCC-ED78-499C-BC39-7AD2D5BCB612}.Release|Any CPU.ActiveCfg = Release|Any CPU
		{B136FFCC-ED78-499C-BC39-7AD2D5BCB612}.Release|Any CPU.Build.0 = Release|Any CPU
		{72F02D56-D324-4560-A7A5-B00C686342EA}.Debug|Any CPU.ActiveCfg = Debug|Any CPU
		{72F02D56-D324-4560-A7A5-B00C686342EA}.Debug|Any CPU.Build.0 = Debug|Any CPU
		{72F02D56-D324-4560-A7A5-B00C686342EA}.Release|Any CPU.ActiveCfg = Release|Any CPU
		{72F02D56-D324-4560-A7A5-B00C686342EA}.Release|Any CPU.Build.0 = Release|Any CPU
		{B424918A-006A-4A30-AB7C-A6CFFA63DD2D}.Debug|Any CPU.ActiveCfg = Debug|Any CPU
		{B424918A-006A-4A30-AB7C-A6CFFA63DD2D}.Debug|Any CPU.Build.0 = Debug|Any CPU
		{B424918A-006A-4A30-AB7C-A6CFFA63DD2D}.Release|Any CPU.ActiveCfg = Release|Any CPU
		{B424918A-006A-4A30-AB7C-A6CFFA63DD2D}.Release|Any CPU.Build.0 = Release|Any CPU
		{59C2B5EB-8586-46F7-AA2E-55BDED368403}.Debug|Any CPU.ActiveCfg = Debug|Any CPU
		{59C2B5EB-8586-46F7-AA2E-55BDED368403}.Debug|Any CPU.Build.0 = Debug|Any CPU
		{59C2B5EB-8586-46F7-AA2E-55BDED368403}.Release|Any CPU.ActiveCfg = Release|Any CPU
		{59C2B5EB-8586-46F7-AA2E-55BDED368403}.Release|Any CPU.Build.0 = Release|Any CPU
		{6E2BCBE0-0F8A-44E6-BBE0-CCA3DE5DF577}.Debug|Any CPU.ActiveCfg = Debug|Any CPU
		{6E2BCBE0-0F8A-44E6-BBE0-CCA3DE5DF577}.Debug|Any CPU.Build.0 = Debug|Any CPU
		{6E2BCBE0-0F8A-44E6-BBE0-CCA3DE5DF577}.Release|Any CPU.ActiveCfg = Release|Any CPU
		{6E2BCBE0-0F8A-44E6-BBE0-CCA3DE5DF577}.Release|Any CPU.Build.0 = Release|Any CPU
		{8BAF0CCF-744D-43E2-A08F-7431B2A02684}.Debug|Any CPU.ActiveCfg = Debug|Any CPU
		{8BAF0CCF-744D-43E2-A08F-7431B2A02684}.Debug|Any CPU.Build.0 = Debug|Any CPU
		{8BAF0CCF-744D-43E2-A08F-7431B2A02684}.Release|Any CPU.ActiveCfg = Release|Any CPU
		{8BAF0CCF-744D-43E2-A08F-7431B2A02684}.Release|Any CPU.Build.0 = Release|Any CPU
		{FB90C0CD-927F-48A0-A39E-B445D0FA239D}.Debug|Any CPU.ActiveCfg = Debug|Any CPU
		{FB90C0CD-927F-48A0-A39E-B445D0FA239D}.Debug|Any CPU.Build.0 = Debug|Any CPU
		{FB90C0CD-927F-48A0-A39E-B445D0FA239D}.Release|Any CPU.ActiveCfg = Release|Any CPU
		{FB90C0CD-927F-48A0-A39E-B445D0FA239D}.Release|Any CPU.Build.0 = Release|Any CPU
		{FDFE2FEF-2B6B-402C-ADAF-7EE10F4B48A4}.Debug|Any CPU.ActiveCfg = Debug|Any CPU
		{FDFE2FEF-2B6B-402C-ADAF-7EE10F4B48A4}.Debug|Any CPU.Build.0 = Debug|Any CPU
		{FDFE2FEF-2B6B-402C-ADAF-7EE10F4B48A4}.Release|Any CPU.ActiveCfg = Release|Any CPU
		{FDFE2FEF-2B6B-402C-ADAF-7EE10F4B48A4}.Release|Any CPU.Build.0 = Release|Any CPU
	EndGlobalSection
	GlobalSection(SolutionProperties) = preSolution
		HideSolutionNode = FALSE
	EndGlobalSection
	GlobalSection(NestedProjects) = preSolution
		{8B3A589B-C2C1-4BC5-893A-DFD81FCD02E9} = {15976875-EA82-438B-89F8-18A6F3E41573}
		{E317498D-118B-4254-82FA-40880E582334} = {15976875-EA82-438B-89F8-18A6F3E41573}
		{7F11A6CF-887E-44AF-8DCA-F6D04ABF90E2} = {15976875-EA82-438B-89F8-18A6F3E41573}
		{17530694-406E-41C1-A21F-1603D648A9DE} = {15976875-EA82-438B-89F8-18A6F3E41573}
		{736C89F8-6DC6-4EF9-BB14-EA30C93294C0} = {7E2325DB-D550-4777-AEE7-EEF3AE669B9B}
		{B7E4E75D-AB66-4843-AEC0-679C0D04C8B5} = {A3597FAD-D217-4047-BC7D-5B95F90480ED}
		{259FACE3-6063-4D48-9EAF-6001AC1BDCB8} = {70A43DBD-4EF9-4C75-BADF-1EE9EDCC5BE8}
		{560CE735-1B54-4661-8AD7-441A865D17A5} = {4DC6F2FC-EBF7-4BD4-A31E-77A6E500750C}
		{AE6E8328-7177-4E06-9FCD-EAEE8927141B} = {4DC6F2FC-EBF7-4BD4-A31E-77A6E500750C}
		{0CA2CEC6-0A4C-4CB9-BFD2-1A4A99375BF3} = {70A43DBD-4EF9-4C75-BADF-1EE9EDCC5BE8}
		{FEB5468A-C70F-4CAE-BE3E-903855A8A9A6} = {7E2325DB-D550-4777-AEE7-EEF3AE669B9B}
		{B136FFCC-ED78-499C-BC39-7AD2D5BCB612} = {A3597FAD-D217-4047-BC7D-5B95F90480ED}
		{72F02D56-D324-4560-A7A5-B00C686342EA} = {15976875-EA82-438B-89F8-18A6F3E41573}
		{59C2B5EB-8586-46F7-AA2E-55BDED368403} = {710136A0-2A0F-4AC5-B02B-E8476960EBC9}
		{8BAF0CCF-744D-43E2-A08F-7431B2A02684} = {5AE3F54D-A1E4-4AEC-82D6-86C7F7DF4CC4}
		{FB90C0CD-927F-48A0-A39E-B445D0FA239D} = {5AE3F54D-A1E4-4AEC-82D6-86C7F7DF4CC4}
		{FDFE2FEF-2B6B-402C-ADAF-7EE10F4B48A4} = {5AE3F54D-A1E4-4AEC-82D6-86C7F7DF4CC4}
	EndGlobalSection
	GlobalSection(ExtensibilityGlobals) = postSolution
		SolutionGuid = {6974A57A-5635-470F-9B9B-B7046F9AE824}
	EndGlobalSection
EndGlobal
