
Microsoft Visual Studio Solution File, Format Version 12.00
# Visual Studio Version 17
VisualStudioVersion = 17.5.33326.253
MinimumVisualStudioVersion = 10.0.40219.1
Project("{2150E333-8FDC-42A3-9474-1A3956D46DE8}") = ".Build", ".Build", "{6BD3DF12-9EA9-41D8-95B7-48E8517865F5}"
	ProjectSection(SolutionItems) = preProject
		.editorconfig = .editorconfig
		Build\Directory.build.common.props = Build\Directory.build.common.props
		Build\Directory.build.common.targets = Build\Directory.build.common.targets
		Directory.Build.props = Directory.Build.props
		Directory.build.targets = Directory.build.targets
		Directory.buildcpp.props = Directory.buildcpp.props
		Directory.Packages.props = Directory.Packages.props
		global.json = global.json
		README.md = README.md
	EndProjectSection
EndProject
Project("{9A19103F-16F7-4668-BE54-9A1E7A4F7556}") = "WebView.Base", "Source\WebView.Base\WebView.Base.csproj", "{BED761B1-D8D5-4892-9E4A-4C2FFF9366E2}"
EndProject
Project("{9A19103F-16F7-4668-BE54-9A1E7A4F7556}") = "WebView.Controls", "Source\WebView.Controls\WebView.Controls.csproj", "{B000AD38-0C79-4754-AFBF-335E20E73141}"
EndProject
Project("{2150E333-8FDC-42A3-9474-1A3956D46DE8}") = "Windows", "Windows", "{15976875-EA82-438B-89F8-18A6F3E41573}"
EndProject
Project("{2150E333-8FDC-42A3-9474-1A3956D46DE8}") = "iOS", "iOS", "{70A43DBD-4EF9-4C75-BADF-1EE9EDCC5BE8}"
EndProject
Project("{2150E333-8FDC-42A3-9474-1A3956D46DE8}") = "Android", "Android", "{7E2325DB-D550-4777-AEE7-EEF3AE669B9B}"
EndProject
Project("{2150E333-8FDC-42A3-9474-1A3956D46DE8}") = "Mac", "Mac", "{A3597FAD-D217-4047-BC7D-5B95F90480ED}"
EndProject
Project("{2150E333-8FDC-42A3-9474-1A3956D46DE8}") = "Linux", "Linux", "{4DC6F2FC-EBF7-4BD4-A31E-77A6E500750C}"
EndProject
Project("{9A19103F-16F7-4668-BE54-9A1E7A4F7556}") = "WebView", "Source\WebView\WebView.csproj", "{77ED6EAC-5DF0-4A70-8445-7966221879B3}"
EndProject
Project("{9A19103F-16F7-4668-BE54-9A1E7A4F7556}") = "Microsoft.Web.WebView2.Core", "Source\Microsoft.Web.WebView2.Core\Microsoft.Web.WebView2.Core.csproj", "{9B3497C3-8FBE-43F8-BD0F-642FE8EA1D7A}"
EndProject
Project("{9A19103F-16F7-4668-BE54-9A1E7A4F7556}") = "Microsoft.Web.WebView2.Avalonia", "Source\Microsoft.Web.WebView2.Avalonia\Microsoft.Web.WebView2.Avalonia.csproj", "{51F8BE00-2A9A-4F8A-B30F-92784FDBC3DD}"
EndProject
Project("{9A19103F-16F7-4668-BE54-9A1E7A4F7556}") = "WebView.Sample", "Source\WebView.Sample\WebView.Sample.csproj", "{3307C923-4DD9-496C-BD87-C6DEDBB66FB0}"
EndProject
Project("{9A19103F-16F7-4668-BE54-9A1E7A4F7556}") = "WebView.Sample.Desktop", "Source\WebView.Sample.Desktop\WebView.Sample.Desktop.csproj", "{8C1778CC-0E8D-4D9B-BA48-0E5A327A1540}"
EndProject
Project("{FAE04EC0-301F-11D3-BF4B-00C04F79EFBC}") = "WebView.Wpf", "Source\WebView.Wpf\WebView.Wpf.csproj", "{A737C619-52BD-4DEE-8CC5-5C8F3730654D}"
EndProject
Project("{FAE04EC0-301F-11D3-BF4B-00C04F79EFBC}") = "Microsoft.Web.WebView2.Wpf", "Source\Microsoft.Web.WebView2.Wpf\Microsoft.Web.WebView2.Wpf.csproj", "{A797DA75-0E92-4F78-BDF8-4500892642AB}"
EndProject
Global
	GlobalSection(SolutionConfigurationPlatforms) = preSolution
		Debug|Any CPU = Debug|Any CPU
		Release|Any CPU = Release|Any CPU
	EndGlobalSection
	GlobalSection(ProjectConfigurationPlatforms) = postSolution
		{BED761B1-D8D5-4892-9E4A-4C2FFF9366E2}.Debug|Any CPU.ActiveCfg = Debug|Any CPU
		{BED761B1-D8D5-4892-9E4A-4C2FFF9366E2}.Debug|Any CPU.Build.0 = Debug|Any CPU
		{BED761B1-D8D5-4892-9E4A-4C2FFF9366E2}.Release|Any CPU.ActiveCfg = Release|Any CPU
		{BED761B1-D8D5-4892-9E4A-4C2FFF9366E2}.Release|Any CPU.Build.0 = Release|Any CPU
		{B000AD38-0C79-4754-AFBF-335E20E73141}.Debug|Any CPU.ActiveCfg = Debug|Any CPU
		{B000AD38-0C79-4754-AFBF-335E20E73141}.Debug|Any CPU.Build.0 = Debug|Any CPU
		{B000AD38-0C79-4754-AFBF-335E20E73141}.Release|Any CPU.ActiveCfg = Release|Any CPU
		{B000AD38-0C79-4754-AFBF-335E20E73141}.Release|Any CPU.Build.0 = Release|Any CPU
		{77ED6EAC-5DF0-4A70-8445-7966221879B3}.Debug|Any CPU.ActiveCfg = Debug|Any CPU
		{77ED6EAC-5DF0-4A70-8445-7966221879B3}.Debug|Any CPU.Build.0 = Debug|Any CPU
		{77ED6EAC-5DF0-4A70-8445-7966221879B3}.Release|Any CPU.ActiveCfg = Release|Any CPU
		{77ED6EAC-5DF0-4A70-8445-7966221879B3}.Release|Any CPU.Build.0 = Release|Any CPU
		{9B3497C3-8FBE-43F8-BD0F-642FE8EA1D7A}.Debug|Any CPU.ActiveCfg = Debug|Any CPU
		{9B3497C3-8FBE-43F8-BD0F-642FE8EA1D7A}.Debug|Any CPU.Build.0 = Debug|Any CPU
		{9B3497C3-8FBE-43F8-BD0F-642FE8EA1D7A}.Release|Any CPU.ActiveCfg = Release|Any CPU
		{9B3497C3-8FBE-43F8-BD0F-642FE8EA1D7A}.Release|Any CPU.Build.0 = Release|Any CPU
		{51F8BE00-2A9A-4F8A-B30F-92784FDBC3DD}.Debug|Any CPU.ActiveCfg = Debug|Any CPU
		{51F8BE00-2A9A-4F8A-B30F-92784FDBC3DD}.Debug|Any CPU.Build.0 = Debug|Any CPU
		{51F8BE00-2A9A-4F8A-B30F-92784FDBC3DD}.Release|Any CPU.ActiveCfg = Release|Any CPU
		{51F8BE00-2A9A-4F8A-B30F-92784FDBC3DD}.Release|Any CPU.Build.0 = Release|Any CPU
		{3307C923-4DD9-496C-BD87-C6DEDBB66FB0}.Debug|Any CPU.ActiveCfg = Debug|Any CPU
		{3307C923-4DD9-496C-BD87-C6DEDBB66FB0}.Debug|Any CPU.Build.0 = Debug|Any CPU
		{3307C923-4DD9-496C-BD87-C6DEDBB66FB0}.Release|Any CPU.ActiveCfg = Release|Any CPU
		{3307C923-4DD9-496C-BD87-C6DEDBB66FB0}.Release|Any CPU.Build.0 = Release|Any CPU
		{8C1778CC-0E8D-4D9B-BA48-0E5A327A1540}.Debug|Any CPU.ActiveCfg = Debug|Any CPU
		{8C1778CC-0E8D-4D9B-BA48-0E5A327A1540}.Debug|Any CPU.Build.0 = Debug|Any CPU
		{8C1778CC-0E8D-4D9B-BA48-0E5A327A1540}.Release|Any CPU.ActiveCfg = Release|Any CPU
		{8C1778CC-0E8D-4D9B-BA48-0E5A327A1540}.Release|Any CPU.Build.0 = Release|Any CPU
		{A737C619-52BD-4DEE-8CC5-5C8F3730654D}.Debug|Any CPU.ActiveCfg = Debug|Any CPU
		{A737C619-52BD-4DEE-8CC5-5C8F3730654D}.Debug|Any CPU.Build.0 = Debug|Any CPU
		{A737C619-52BD-4DEE-8CC5-5C8F3730654D}.Release|Any CPU.ActiveCfg = Release|Any CPU
		{A737C619-52BD-4DEE-8CC5-5C8F3730654D}.Release|Any CPU.Build.0 = Release|Any CPU
		{A797DA75-0E92-4F78-BDF8-4500892642AB}.Debug|Any CPU.ActiveCfg = Debug|Any CPU
		{A797DA75-0E92-4F78-BDF8-4500892642AB}.Debug|Any CPU.Build.0 = Debug|Any CPU
		{A797DA75-0E92-4F78-BDF8-4500892642AB}.Release|Any CPU.ActiveCfg = Release|Any CPU
		{A797DA75-0E92-4F78-BDF8-4500892642AB}.Release|Any CPU.Build.0 = Release|Any CPU
	EndGlobalSection
	GlobalSection(SolutionProperties) = preSolution
		HideSolutionNode = FALSE
	EndGlobalSection
	GlobalSection(NestedProjects) = preSolution
		{9B3497C3-8FBE-43F8-BD0F-642FE8EA1D7A} = {15976875-EA82-438B-89F8-18A6F3E41573}
		{51F8BE00-2A9A-4F8A-B30F-92784FDBC3DD} = {15976875-EA82-438B-89F8-18A6F3E41573}
		{A797DA75-0E92-4F78-BDF8-4500892642AB} = {15976875-EA82-438B-89F8-18A6F3E41573}
	EndGlobalSection
	GlobalSection(ExtensibilityGlobals) = postSolution
		SolutionGuid = {6974A57A-5635-470F-9B9B-B7046F9AE824}
	EndGlobalSection
EndGlobal
